<?xml version="1.0" encoding="utf-8"?>
<Project ToolsVersion="4.0" xmlns="http://schemas.microsoft.com/developer/msbuild/2003">
  <ItemGroup>
    <Filter Include="Source Files">
      <UniqueIdentifier>{4FC737F1-C7A5-4376-A066-2A32D752A2FF}</UniqueIdentifier>
      <Extensions>cpp;c;cc;cxx;c++;cppm;ixx;def;odl;idl;hpj;bat;asm;asmx</Extensions>
    </Filter>
    <Filter Include="Header Files">
      <UniqueIdentifier>{93995380-89BD-4b04-88EB-625FBE52EBFB}</UniqueIdentifier>
      <Extensions>h;hh;hpp;hxx;h++;hm;inl;inc;ipp;xsd</Extensions>
    </Filter>
    <Filter Include="Resource Files">
      <UniqueIdentifier>{67DA6AB6-F800-4c08-8B7A-83BB121AAD01}</UniqueIdentifier>
      <Extensions>rc;ico;cur;bmp;dlg;rc2;rct;bin;rgs;gif;jpg;jpeg;jpe;resx;tiff;tif;png;wav;mfcribbon-ms</Extensions>
    </Filter>
    <Filter Include="Source Files\Visitor">
      <UniqueIdentifier>{e83bdeea-3fe9-4f9e-ae22-1e6fdfff4e5c}</UniqueIdentifier>
    </Filter>
    <Filter Include="Source Files\Symbol">
      <UniqueIdentifier>{9490d4ca-8444-40d9-b7af-3eb8f0a47412}</UniqueIdentifier>
    </Filter>
    <Filter Include="Source Files\Exceptions">
      <UniqueIdentifier>{ef9496c8-807c-4b0f-b527-2a71f3e1ed4b}</UniqueIdentifier>
    </Filter>
  </ItemGroup>
  <ItemGroup>
    <ClCompile Include="main.cpp">
      <Filter>Source Files</Filter>
    </ClCompile>
    <ClCompile Include="node.cpp">
      <Filter>Source Files</Filter>
    </ClCompile>
    <ClCompile Include="bison.tab.cpp">
      <Filter>Source Files</Filter>
    </ClCompile>
    <ClCompile Include="flex.flex.cpp">
      <Filter>Source Files</Filter>
    </ClCompile>
    <ClCompile Include="semanticanalysis.cpp">
      <Filter>Source Files\Visitor</Filter>
    </ClCompile>
    <ClCompile Include="interpreter.cpp">
      <Filter>Source Files\Visitor</Filter>
    </ClCompile>
    <ClCompile Include="symboltable.cpp">
      <Filter>Source Files\Symbol</Filter>
    </ClCompile>
    <ClCompile Include="varsymbol.cpp">
      <Filter>Source Files\Symbol</Filter>
    </ClCompile>
    <ClCompile Include="languageexception.cpp">
      <Filter>Source Files\Exceptions</Filter>
    </ClCompile>
  </ItemGroup>
  <ItemGroup>
    <ClInclude Include="node.h">
      <Filter>Source Files</Filter>
    </ClInclude>
    <ClInclude Include="bison.tab.h">
      <Filter>Source Files</Filter>
    </ClInclude>
    <ClInclude Include="flex.flex.h">
      <Filter>Source Files</Filter>
    </ClInclude>
    <ClInclude Include="symboltable.h">
      <Filter>Source Files\Symbol</Filter>
    </ClInclude>
    <ClInclude Include="varsymbol.h">
      <Filter>Source Files\Symbol</Filter>
    </ClInclude>
    <ClInclude Include="languageexception.h">
      <Filter>Source Files\Exceptions</Filter>
    </ClInclude>
  </ItemGroup>
  <ItemGroup>
    <Flex Include="flex.l">
      <Filter>Source Files</Filter>
    </Flex>
  </ItemGroup>
  <ItemGroup>
    <Bison Include="bison.y">
      <Filter>Source Files</Filter>
    </Bison>
  </ItemGroup>
</Project>